// !$*UTF8*$!
{
	archiveVersion = 1;
	classes = {
	};
	objectVersion = 56;
	objects = {

/* Begin PBXBuildFile section */
		EE4D16C529D96CC800B2966C /* KitToolsCoordinator.swift in Sources */ = {isa = PBXBuildFile; fileRef = EE4D16C429D96CC800B2966C /* KitToolsCoordinator.swift */; };
		EE4D16C729D96E4800B2966C /* Router.swift in Sources */ = {isa = PBXBuildFile; fileRef = EE4D16C629D96E4800B2966C /* Router.swift */; };
		EE4D16CC29D976E000B2966C /* DoItCoordinator.swift in Sources */ = {isa = PBXBuildFile; fileRef = EE4D16CB29D976E000B2966C /* DoItCoordinator.swift */; };
		EE4D16CE29D97B6A00B2966C /* DoItViewController.swift in Sources */ = {isa = PBXBuildFile; fileRef = EE4D16CD29D97B6A00B2966C /* DoItViewController.swift */; };
		EE4D16D029D9825B00B2966C /* CoordinatorProtocol.swift in Sources */ = {isa = PBXBuildFile; fileRef = EE4D16CF29D9825B00B2966C /* CoordinatorProtocol.swift */; };
		EE4D16D329DC8E7A00B2966C /* CalculatorViewController.swift in Sources */ = {isa = PBXBuildFile; fileRef = EE4D16D229DC8E7A00B2966C /* CalculatorViewController.swift */; };
		EE4D16D529DC8ED200B2966C /* CalculatorNumericKeyboard.swift in Sources */ = {isa = PBXBuildFile; fileRef = EE4D16D429DC8ED200B2966C /* CalculatorNumericKeyboard.swift */; };
		EE4D16D729DC8F8000B2966C /* CalculatorLogic.swift in Sources */ = {isa = PBXBuildFile; fileRef = EE4D16D629DC8F8000B2966C /* CalculatorLogic.swift */; };
		EE4D16D929DC8FBA00B2966C /* CalculatorCoordinator.swift in Sources */ = {isa = PBXBuildFile; fileRef = EE4D16D829DC8FBA00B2966C /* CalculatorCoordinator.swift */; };
		EE4D16DC29DC921900B2966C /* HolidaysCoordinator.swift in Sources */ = {isa = PBXBuildFile; fileRef = EE4D16DB29DC921900B2966C /* HolidaysCoordinator.swift */; };
		EE4D16DE29DC922600B2966C /* HolidaysViewController.swift in Sources */ = {isa = PBXBuildFile; fileRef = EE4D16DD29DC922600B2966C /* HolidaysViewController.swift */; };
		EE4D16E029DC95F800B2966C /* HolidaysTableViewCell.swift in Sources */ = {isa = PBXBuildFile; fileRef = EE4D16DF29DC95F800B2966C /* HolidaysTableViewCell.swift */; };
		EE58F56C29D5F9870055E020 /* AppDelegate.swift in Sources */ = {isa = PBXBuildFile; fileRef = EE58F56B29D5F9870055E020 /* AppDelegate.swift */; };
		EE58F56E29D5F9870055E020 /* SceneDelegate.swift in Sources */ = {isa = PBXBuildFile; fileRef = EE58F56D29D5F9870055E020 /* SceneDelegate.swift */; };
		EE58F57029D5F9870055E020 /* KitToolsViewController.swift in Sources */ = {isa = PBXBuildFile; fileRef = EE58F56F29D5F9870055E020 /* KitToolsViewController.swift */; };
		EE58F57529D5F9890055E020 /* Assets.xcassets in Resources */ = {isa = PBXBuildFile; fileRef = EE58F57429D5F9890055E020 /* Assets.xcassets */; };
		EE58F57829D5F9890055E020 /* LaunchScreen.storyboard in Resources */ = {isa = PBXBuildFile; fileRef = EE58F57629D5F9890055E020 /* LaunchScreen.storyboard */; };
		EE58F58329D5FF1E0055E020 /* KitToolsCollectionCell.swift in Sources */ = {isa = PBXBuildFile; fileRef = EE58F58229D5FF1E0055E020 /* KitToolsCollectionCell.swift */; };
		EEEB1B2029E257C400BBC268 /* NationalHolidaysModel.swift in Sources */ = {isa = PBXBuildFile; fileRef = EEEB1B1F29E257C400BBC268 /* NationalHolidaysModel.swift */; };
		EEEB1B2329E4986600BBC268 /* ApiManager.swift in Sources */ = {isa = PBXBuildFile; fileRef = EEEB1B2229E4986600BBC268 /* ApiManager.swift */; };
		EEEB1B2629E74C2300BBC268 /* WeatherCoordinator.swift in Sources */ = {isa = PBXBuildFile; fileRef = EEEB1B2529E74C2300BBC268 /* WeatherCoordinator.swift */; };
		EEEB1B2829E74C7100BBC268 /* WeatherViewController.swift in Sources */ = {isa = PBXBuildFile; fileRef = EEEB1B2729E74C7100BBC268 /* WeatherViewController.swift */; };
		EEEB1B2A29E862EF00BBC268 /* WeatherModel.swift in Sources */ = {isa = PBXBuildFile; fileRef = EEEB1B2929E862EF00BBC268 /* WeatherModel.swift */; };
		EEEB1B2D29E86D3600BBC268 /* Weather.swift in Sources */ = {isa = PBXBuildFile; fileRef = EEEB1B2C29E86D3600BBC268 /* Weather.swift */; };
		EEEB1B2F29E86EB900BBC268 /* Temperature.swift in Sources */ = {isa = PBXBuildFile; fileRef = EEEB1B2E29E86EB900BBC268 /* Temperature.swift */; };
		EEEB1B3129E86F7B00BBC268 /* Wind.swift in Sources */ = {isa = PBXBuildFile; fileRef = EEEB1B3029E86F7B00BBC268 /* Wind.swift */; };
		EEEB1B3329E9CC8F00BBC268 /* Country.swift in Sources */ = {isa = PBXBuildFile; fileRef = EEEB1B3229E9CC8F00BBC268 /* Country.swift */; };
		EEEB1B3629E9E22D00BBC268 /* PomodoroCoordinator.swift in Sources */ = {isa = PBXBuildFile; fileRef = EEEB1B3529E9E22D00BBC268 /* PomodoroCoordinator.swift */; };
		EEEB1B3829E9E29D00BBC268 /* PomodoroViewController.swift in Sources */ = {isa = PBXBuildFile; fileRef = EEEB1B3729E9E29D00BBC268 /* PomodoroViewController.swift */; };
		EEEB1B3C29EB73B600BBC268 /* alarm.mp3 in Resources */ = {isa = PBXBuildFile; fileRef = EEEB1B3B29EB73B600BBC268 /* alarm.mp3 */; };
/* End PBXBuildFile section */

/* Begin PBXFileReference section */
		EE4D16C429D96CC800B2966C /* KitToolsCoordinator.swift */ = {isa = PBXFileReference; lastKnownFileType = sourcecode.swift; path = KitToolsCoordinator.swift; sourceTree = "<group>"; };
		EE4D16C629D96E4800B2966C /* Router.swift */ = {isa = PBXFileReference; lastKnownFileType = sourcecode.swift; path = Router.swift; sourceTree = "<group>"; };
		EE4D16CB29D976E000B2966C /* DoItCoordinator.swift */ = {isa = PBXFileReference; lastKnownFileType = sourcecode.swift; path = DoItCoordinator.swift; sourceTree = "<group>"; };
		EE4D16CD29D97B6A00B2966C /* DoItViewController.swift */ = {isa = PBXFileReference; lastKnownFileType = sourcecode.swift; path = DoItViewController.swift; sourceTree = "<group>"; };
		EE4D16CF29D9825B00B2966C /* CoordinatorProtocol.swift */ = {isa = PBXFileReference; lastKnownFileType = sourcecode.swift; path = CoordinatorProtocol.swift; sourceTree = "<group>"; };
		EE4D16D229DC8E7A00B2966C /* CalculatorViewController.swift */ = {isa = PBXFileReference; lastKnownFileType = sourcecode.swift; path = CalculatorViewController.swift; sourceTree = "<group>"; };
		EE4D16D429DC8ED200B2966C /* CalculatorNumericKeyboard.swift */ = {isa = PBXFileReference; lastKnownFileType = sourcecode.swift; path = CalculatorNumericKeyboard.swift; sourceTree = "<group>"; };
		EE4D16D629DC8F8000B2966C /* CalculatorLogic.swift */ = {isa = PBXFileReference; lastKnownFileType = sourcecode.swift; path = CalculatorLogic.swift; sourceTree = "<group>"; };
		EE4D16D829DC8FBA00B2966C /* CalculatorCoordinator.swift */ = {isa = PBXFileReference; lastKnownFileType = sourcecode.swift; path = CalculatorCoordinator.swift; sourceTree = "<group>"; };
		EE4D16DB29DC921900B2966C /* HolidaysCoordinator.swift */ = {isa = PBXFileReference; lastKnownFileType = sourcecode.swift; path = HolidaysCoordinator.swift; sourceTree = "<group>"; };
		EE4D16DD29DC922600B2966C /* HolidaysViewController.swift */ = {isa = PBXFileReference; lastKnownFileType = sourcecode.swift; path = HolidaysViewController.swift; sourceTree = "<group>"; };
		EE4D16DF29DC95F800B2966C /* HolidaysTableViewCell.swift */ = {isa = PBXFileReference; lastKnownFileType = sourcecode.swift; path = HolidaysTableViewCell.swift; sourceTree = "<group>"; };
		EE58F56829D5F9870055E020 /* kit-tools.app */ = {isa = PBXFileReference; explicitFileType = wrapper.application; includeInIndex = 0; path = "kit-tools.app"; sourceTree = BUILT_PRODUCTS_DIR; };
		EE58F56B29D5F9870055E020 /* AppDelegate.swift */ = {isa = PBXFileReference; lastKnownFileType = sourcecode.swift; path = AppDelegate.swift; sourceTree = "<group>"; };
		EE58F56D29D5F9870055E020 /* SceneDelegate.swift */ = {isa = PBXFileReference; lastKnownFileType = sourcecode.swift; path = SceneDelegate.swift; sourceTree = "<group>"; };
		EE58F56F29D5F9870055E020 /* KitToolsViewController.swift */ = {isa = PBXFileReference; lastKnownFileType = sourcecode.swift; path = KitToolsViewController.swift; sourceTree = "<group>"; };
		EE58F57429D5F9890055E020 /* Assets.xcassets */ = {isa = PBXFileReference; lastKnownFileType = folder.assetcatalog; path = Assets.xcassets; sourceTree = "<group>"; };
		EE58F57729D5F9890055E020 /* Base */ = {isa = PBXFileReference; lastKnownFileType = file.storyboard; name = Base; path = Base.lproj/LaunchScreen.storyboard; sourceTree = "<group>"; };
		EE58F57929D5F9890055E020 /* Info.plist */ = {isa = PBXFileReference; lastKnownFileType = text.plist.xml; path = Info.plist; sourceTree = "<group>"; };
		EE58F58229D5FF1E0055E020 /* KitToolsCollectionCell.swift */ = {isa = PBXFileReference; lastKnownFileType = sourcecode.swift; path = KitToolsCollectionCell.swift; sourceTree = "<group>"; };
		EEEB1B1F29E257C400BBC268 /* NationalHolidaysModel.swift */ = {isa = PBXFileReference; lastKnownFileType = sourcecode.swift; path = NationalHolidaysModel.swift; sourceTree = "<group>"; };
		EEEB1B2229E4986600BBC268 /* ApiManager.swift */ = {isa = PBXFileReference; lastKnownFileType = sourcecode.swift; path = ApiManager.swift; sourceTree = "<group>"; };
		EEEB1B2529E74C2300BBC268 /* WeatherCoordinator.swift */ = {isa = PBXFileReference; lastKnownFileType = sourcecode.swift; path = WeatherCoordinator.swift; sourceTree = "<group>"; };
		EEEB1B2729E74C7100BBC268 /* WeatherViewController.swift */ = {isa = PBXFileReference; lastKnownFileType = sourcecode.swift; path = WeatherViewController.swift; sourceTree = "<group>"; };
		EEEB1B2929E862EF00BBC268 /* WeatherModel.swift */ = {isa = PBXFileReference; lastKnownFileType = sourcecode.swift; path = WeatherModel.swift; sourceTree = "<group>"; };
		EEEB1B2C29E86D3600BBC268 /* Weather.swift */ = {isa = PBXFileReference; lastKnownFileType = sourcecode.swift; path = Weather.swift; sourceTree = "<group>"; };
		EEEB1B2E29E86EB900BBC268 /* Temperature.swift */ = {isa = PBXFileReference; lastKnownFileType = sourcecode.swift; path = Temperature.swift; sourceTree = "<group>"; };
		EEEB1B3029E86F7B00BBC268 /* Wind.swift */ = {isa = PBXFileReference; lastKnownFileType = sourcecode.swift; path = Wind.swift; sourceTree = "<group>"; };
		EEEB1B3229E9CC8F00BBC268 /* Country.swift */ = {isa = PBXFileReference; lastKnownFileType = sourcecode.swift; path = Country.swift; sourceTree = "<group>"; };
		EEEB1B3529E9E22D00BBC268 /* PomodoroCoordinator.swift */ = {isa = PBXFileReference; lastKnownFileType = sourcecode.swift; path = PomodoroCoordinator.swift; sourceTree = "<group>"; };
		EEEB1B3729E9E29D00BBC268 /* PomodoroViewController.swift */ = {isa = PBXFileReference; lastKnownFileType = sourcecode.swift; path = PomodoroViewController.swift; sourceTree = "<group>"; };
		EEEB1B3B29EB73B600BBC268 /* alarm.mp3 */ = {isa = PBXFileReference; lastKnownFileType = audio.mp3; path = alarm.mp3; sourceTree = "<group>"; };
/* End PBXFileReference section */

/* Begin PBXFrameworksBuildPhase section */
		EE58F56529D5F9870055E020 /* Frameworks */ = {
			isa = PBXFrameworksBuildPhase;
			buildActionMask = 2147483647;
			files = (
			);
			runOnlyForDeploymentPostprocessing = 0;
		};
/* End PBXFrameworksBuildPhase section */

/* Begin PBXGroup section */
		EE4D16C329D96C9E00B2966C /* Model */ = {
			isa = PBXGroup;
			children = (
				EEEB1B1F29E257C400BBC268 /* NationalHolidaysModel.swift */,
				EEEB1B2B29E86D1700BBC268 /* WeatherModel */,
			);
			path = Model;
			sourceTree = "<group>";
		};
		EE4D16C929D9768500B2966C /* KitTools */ = {
			isa = PBXGroup;
			children = (
				EE4D16C429D96CC800B2966C /* KitToolsCoordinator.swift */,
				EE58F56F29D5F9870055E020 /* KitToolsViewController.swift */,
			);
			path = KitTools;
			sourceTree = "<group>";
		};
		EE4D16CA29D976C500B2966C /* DoIt */ = {
			isa = PBXGroup;
			children = (
				EE4D16CB29D976E000B2966C /* DoItCoordinator.swift */,
				EE4D16CD29D97B6A00B2966C /* DoItViewController.swift */,
			);
			name = DoIt;
			sourceTree = "<group>";
		};
		EE4D16D129DC8E2E00B2966C /* Calculator */ = {
			isa = PBXGroup;
			children = (
				EE4D16D829DC8FBA00B2966C /* CalculatorCoordinator.swift */,
				EE4D16D229DC8E7A00B2966C /* CalculatorViewController.swift */,
				EE4D16D629DC8F8000B2966C /* CalculatorLogic.swift */,
			);
			name = Calculator;
			sourceTree = "<group>";
		};
		EE4D16DA29DC91F100B2966C /* Calendar */ = {
			isa = PBXGroup;
			children = (
				EE4D16DB29DC921900B2966C /* HolidaysCoordinator.swift */,
				EE4D16DD29DC922600B2966C /* HolidaysViewController.swift */,
			);
			path = Calendar;
			sourceTree = "<group>";
		};
		EE58F55F29D5F9870055E020 = {
			isa = PBXGroup;
			children = (
				EE58F56A29D5F9870055E020 /* kit-tools */,
				EE58F56929D5F9870055E020 /* Products */,
			);
			sourceTree = "<group>";
		};
		EE58F56929D5F9870055E020 /* Products */ = {
			isa = PBXGroup;
			children = (
				EE58F56829D5F9870055E020 /* kit-tools.app */,
			);
			name = Products;
			sourceTree = "<group>";
		};
		EE58F56A29D5F9870055E020 /* kit-tools */ = {
			isa = PBXGroup;
			children = (
				EE58F58129D5FAF10055E020 /* Helper */,
				EE58F58029D5FAE90055E020 /* View */,
				EE58F57F29D5FADF0055E020 /* Features */,
				EEEB1B3929EB737500BBC268 /* Resoucers */,
				EE58F56B29D5F9870055E020 /* AppDelegate.swift */,
				EE58F56D29D5F9870055E020 /* SceneDelegate.swift */,
				EE58F57429D5F9890055E020 /* Assets.xcassets */,
				EE58F57629D5F9890055E020 /* LaunchScreen.storyboard */,
				EE58F57929D5F9890055E020 /* Info.plist */,
			);
			path = "kit-tools";
			sourceTree = "<group>";
		};
		EE58F57F29D5FADF0055E020 /* Features */ = {
			isa = PBXGroup;
			children = (
				EEEB1B3429E9E21A00BBC268 /* Pomodoro */,
				EEEB1B2429E74BD400BBC268 /* Weather */,
				EE4D16DA29DC91F100B2966C /* Calendar */,
				EE4D16D129DC8E2E00B2966C /* Calculator */,
				EE4D16CA29D976C500B2966C /* DoIt */,
				EE4D16C929D9768500B2966C /* KitTools */,
			);
			name = Features;
			sourceTree = "<group>";
		};
		EE58F58029D5FAE90055E020 /* View */ = {
			isa = PBXGroup;
			children = (
				EE58F58229D5FF1E0055E020 /* KitToolsCollectionCell.swift */,
				EE4D16D429DC8ED200B2966C /* CalculatorNumericKeyboard.swift */,
				EE4D16DF29DC95F800B2966C /* HolidaysTableViewCell.swift */,
			);
			path = View;
			sourceTree = "<group>";
		};
		EE58F58129D5FAF10055E020 /* Helper */ = {
			isa = PBXGroup;
			children = (
				EE4D16C329D96C9E00B2966C /* Model */,
				EE4D16C629D96E4800B2966C /* Router.swift */,
				EE4D16CF29D9825B00B2966C /* CoordinatorProtocol.swift */,
				EEEB1B2229E4986600BBC268 /* ApiManager.swift */,
			);
			name = Helper;
			sourceTree = "<group>";
		};
		EEEB1B2429E74BD400BBC268 /* Weather */ = {
			isa = PBXGroup;
			children = (
				EEEB1B2529E74C2300BBC268 /* WeatherCoordinator.swift */,
				EEEB1B2729E74C7100BBC268 /* WeatherViewController.swift */,
			);
			name = Weather;
			sourceTree = "<group>";
		};
		EEEB1B2B29E86D1700BBC268 /* WeatherModel */ = {
			isa = PBXGroup;
			children = (
				EEEB1B2929E862EF00BBC268 /* WeatherModel.swift */,
				EEEB1B2C29E86D3600BBC268 /* Weather.swift */,
				EEEB1B2E29E86EB900BBC268 /* Temperature.swift */,
				EEEB1B3029E86F7B00BBC268 /* Wind.swift */,
				EEEB1B3229E9CC8F00BBC268 /* Country.swift */,
			);
			path = WeatherModel;
			sourceTree = "<group>";
		};
		EEEB1B3429E9E21A00BBC268 /* Pomodoro */ = {
			isa = PBXGroup;
			children = (
				EEEB1B3529E9E22D00BBC268 /* PomodoroCoordinator.swift */,
				EEEB1B3729E9E29D00BBC268 /* PomodoroViewController.swift */,
			);
			path = Pomodoro;
			sourceTree = "<group>";
		};
		EEEB1B3929EB737500BBC268 /* Resoucers */ = {
			isa = PBXGroup;
			children = (
				EEEB1B3A29EB739F00BBC268 /* Sounds */,
			);
			path = Resoucers;
			sourceTree = "<group>";
		};
		EEEB1B3A29EB739F00BBC268 /* Sounds */ = {
			isa = PBXGroup;
			children = (
				EEEB1B3B29EB73B600BBC268 /* alarm.mp3 */,
			);
			name = Sounds;
			sourceTree = "<group>";
		};
/* End PBXGroup section */

/* Begin PBXNativeTarget section */
		EE58F56729D5F9870055E020 /* kit-tools */ = {
			isa = PBXNativeTarget;
			buildConfigurationList = EE58F57C29D5F9890055E020 /* Build configuration list for PBXNativeTarget "kit-tools" */;
			buildPhases = (
				EE58F56429D5F9870055E020 /* Sources */,
				EE58F56529D5F9870055E020 /* Frameworks */,
				EE58F56629D5F9870055E020 /* Resources */,
			);
			buildRules = (
			);
			dependencies = (
			);
			name = "kit-tools";
			productName = "kit-tools";
			productReference = EE58F56829D5F9870055E020 /* kit-tools.app */;
			productType = "com.apple.product-type.application";
		};
/* End PBXNativeTarget section */

/* Begin PBXProject section */
		EE58F56029D5F9870055E020 /* Project object */ = {
			isa = PBXProject;
			attributes = {
				BuildIndependentTargetsInParallel = 1;
				LastSwiftUpdateCheck = 1400;
				LastUpgradeCheck = 1400;
				TargetAttributes = {
					EE58F56729D5F9870055E020 = {
						CreatedOnToolsVersion = 14.0.1;
					};
				};
			};
			buildConfigurationList = EE58F56329D5F9870055E020 /* Build configuration list for PBXProject "kit-tools" */;
			compatibilityVersion = "Xcode 14.0";
			developmentRegion = en;
			hasScannedForEncodings = 0;
			knownRegions = (
				en,
				Base,
			);
			mainGroup = EE58F55F29D5F9870055E020;
			productRefGroup = EE58F56929D5F9870055E020 /* Products */;
			projectDirPath = "";
			projectRoot = "";
			targets = (
				EE58F56729D5F9870055E020 /* kit-tools */,
			);
		};
/* End PBXProject section */

/* Begin PBXResourcesBuildPhase section */
		EE58F56629D5F9870055E020 /* Resources */ = {
			isa = PBXResourcesBuildPhase;
			buildActionMask = 2147483647;
			files = (
				EE58F57829D5F9890055E020 /* LaunchScreen.storyboard in Resources */,
				EE58F57529D5F9890055E020 /* Assets.xcassets in Resources */,
				EEEB1B3C29EB73B600BBC268 /* alarm.mp3 in Resources */,
			);
			runOnlyForDeploymentPostprocessing = 0;
		};
/* End PBXResourcesBuildPhase section */

/* Begin PBXSourcesBuildPhase section */
		EE58F56429D5F9870055E020 /* Sources */ = {
			isa = PBXSourcesBuildPhase;
			buildActionMask = 2147483647;
			files = (
				EE4D16DE29DC922600B2966C /* HolidaysViewController.swift in Sources */,
				EEEB1B2829E74C7100BBC268 /* WeatherViewController.swift in Sources */,
				EE4D16D929DC8FBA00B2966C /* CalculatorCoordinator.swift in Sources */,
				EE4D16D329DC8E7A00B2966C /* CalculatorViewController.swift in Sources */,
				EE58F57029D5F9870055E020 /* KitToolsViewController.swift in Sources */,
				EE58F56C29D5F9870055E020 /* AppDelegate.swift in Sources */,
				EE4D16CE29D97B6A00B2966C /* DoItViewController.swift in Sources */,
				EE58F56E29D5F9870055E020 /* SceneDelegate.swift in Sources */,
				EEEB1B3329E9CC8F00BBC268 /* Country.swift in Sources */,
				EE4D16C529D96CC800B2966C /* KitToolsCoordinator.swift in Sources */,
				EE4D16D529DC8ED200B2966C /* CalculatorNumericKeyboard.swift in Sources */,
				EEEB1B2A29E862EF00BBC268 /* WeatherModel.swift in Sources */,
				EEEB1B3829E9E29D00BBC268 /* PomodoroViewController.swift in Sources */,
				EE4D16DC29DC921900B2966C /* HolidaysCoordinator.swift in Sources */,
				EEEB1B2629E74C2300BBC268 /* WeatherCoordinator.swift in Sources */,
				EEEB1B2329E4986600BBC268 /* ApiManager.swift in Sources */,
				EEEB1B2D29E86D3600BBC268 /* Weather.swift in Sources */,
				EEEB1B2F29E86EB900BBC268 /* Temperature.swift in Sources */,
				EE4D16CC29D976E000B2966C /* DoItCoordinator.swift in Sources */,
				EE4D16D729DC8F8000B2966C /* CalculatorLogic.swift in Sources */,
				EE4D16C729D96E4800B2966C /* Router.swift in Sources */,
				EE4D16E029DC95F800B2966C /* HolidaysTableViewCell.swift in Sources */,
				EE58F58329D5FF1E0055E020 /* KitToolsCollectionCell.swift in Sources */,
				EEEB1B2029E257C400BBC268 /* NationalHolidaysModel.swift in Sources */,
				EEEB1B3629E9E22D00BBC268 /* PomodoroCoordinator.swift in Sources */,
				EE4D16D029D9825B00B2966C /* CoordinatorProtocol.swift in Sources */,
				EEEB1B3129E86F7B00BBC268 /* Wind.swift in Sources */,
			);
			runOnlyForDeploymentPostprocessing = 0;
		};
/* End PBXSourcesBuildPhase section */

/* Begin PBXVariantGroup section */
		EE58F57629D5F9890055E020 /* LaunchScreen.storyboard */ = {
			isa = PBXVariantGroup;
			children = (
				EE58F57729D5F9890055E020 /* Base */,
			);
			name = LaunchScreen.storyboard;
			sourceTree = "<group>";
		};
/* End PBXVariantGroup section */

/* Begin XCBuildConfiguration section */
		EE58F57A29D5F9890055E020 /* Debug */ = {
			isa = XCBuildConfiguration;
			buildSettings = {
				ALWAYS_SEARCH_USER_PATHS = NO;
				CLANG_ANALYZER_NONNULL = YES;
				CLANG_ANALYZER_NUMBER_OBJECT_CONVERSION = YES_AGGRESSIVE;
				CLANG_CXX_LANGUAGE_STANDARD = "gnu++20";
				CLANG_ENABLE_MODULES = YES;
				CLANG_ENABLE_OBJC_ARC = YES;
				CLANG_ENABLE_OBJC_WEAK = YES;
				CLANG_WARN_BLOCK_CAPTURE_AUTORELEASING = YES;
				CLANG_WARN_BOOL_CONVERSION = YES;
				CLANG_WARN_COMMA = YES;
				CLANG_WARN_CONSTANT_CONVERSION = YES;
				CLANG_WARN_DEPRECATED_OBJC_IMPLEMENTATIONS = YES;
				CLANG_WARN_DIRECT_OBJC_ISA_USAGE = YES_ERROR;
				CLANG_WARN_DOCUMENTATION_COMMENTS = YES;
				CLANG_WARN_EMPTY_BODY = YES;
				CLANG_WARN_ENUM_CONVERSION = YES;
				CLANG_WARN_INFINITE_RECURSION = YES;
				CLANG_WARN_INT_CONVERSION = YES;
				CLANG_WARN_NON_LITERAL_NULL_CONVERSION = YES;
				CLANG_WARN_OBJC_IMPLICIT_RETAIN_SELF = YES;
				CLANG_WARN_OBJC_LITERAL_CONVERSION = YES;
				CLANG_WARN_OBJC_ROOT_CLASS = YES_ERROR;
				CLANG_WARN_QUOTED_INCLUDE_IN_FRAMEWORK_HEADER = YES;
				CLANG_WARN_RANGE_LOOP_ANALYSIS = YES;
				CLANG_WARN_STRICT_PROTOTYPES = YES;
				CLANG_WARN_SUSPICIOUS_MOVE = YES;
				CLANG_WARN_UNGUARDED_AVAILABILITY = YES_AGGRESSIVE;
				CLANG_WARN_UNREACHABLE_CODE = YES;
				CLANG_WARN__DUPLICATE_METHOD_MATCH = YES;
				COPY_PHASE_STRIP = NO;
				DEBUG_INFORMATION_FORMAT = dwarf;
				ENABLE_STRICT_OBJC_MSGSEND = YES;
				ENABLE_TESTABILITY = YES;
				GCC_C_LANGUAGE_STANDARD = gnu11;
				GCC_DYNAMIC_NO_PIC = NO;
				GCC_NO_COMMON_BLOCKS = YES;
				GCC_OPTIMIZATION_LEVEL = 0;
				GCC_PREPROCESSOR_DEFINITIONS = (
					"DEBUG=1",
					"$(inherited)",
				);
				GCC_WARN_64_TO_32_BIT_CONVERSION = YES;
				GCC_WARN_ABOUT_RETURN_TYPE = YES_ERROR;
				GCC_WARN_UNDECLARED_SELECTOR = YES;
				GCC_WARN_UNINITIALIZED_AUTOS = YES_AGGRESSIVE;
				GCC_WARN_UNUSED_FUNCTION = YES;
				GCC_WARN_UNUSED_VARIABLE = YES;
				IPHONEOS_DEPLOYMENT_TARGET = 16.0;
				MTL_ENABLE_DEBUG_INFO = INCLUDE_SOURCE;
				MTL_FAST_MATH = YES;
				ONLY_ACTIVE_ARCH = YES;
				SDKROOT = iphoneos;
				SWIFT_ACTIVE_COMPILATION_CONDITIONS = DEBUG;
				SWIFT_OPTIMIZATION_LEVEL = "-Onone";
			};
			name = Debug;
		};
		EE58F57B29D5F9890055E020 /* Release */ = {
			isa = XCBuildConfiguration;
			buildSettings = {
				ALWAYS_SEARCH_USER_PATHS = NO;
				CLANG_ANALYZER_NONNULL = YES;
				CLANG_ANALYZER_NUMBER_OBJECT_CONVERSION = YES_AGGRESSIVE;
				CLANG_CXX_LANGUAGE_STANDARD = "gnu++20";
				CLANG_ENABLE_MODULES = YES;
				CLANG_ENABLE_OBJC_ARC = YES;
				CLANG_ENABLE_OBJC_WEAK = YES;
				CLANG_WARN_BLOCK_CAPTURE_AUTORELEASING = YES;
				CLANG_WARN_BOOL_CONVERSION = YES;
				CLANG_WARN_COMMA = YES;
				CLANG_WARN_CONSTANT_CONVERSION = YES;
				CLANG_WARN_DEPRECATED_OBJC_IMPLEMENTATIONS = YES;
				CLANG_WARN_DIRECT_OBJC_ISA_USAGE = YES_ERROR;
				CLANG_WARN_DOCUMENTATION_COMMENTS = YES;
				CLANG_WARN_EMPTY_BODY = YES;
				CLANG_WARN_ENUM_CONVERSION = YES;
				CLANG_WARN_INFINITE_RECURSION = YES;
				CLANG_WARN_INT_CONVERSION = YES;
				CLANG_WARN_NON_LITERAL_NULL_CONVERSION = YES;
				CLANG_WARN_OBJC_IMPLICIT_RETAIN_SELF = YES;
				CLANG_WARN_OBJC_LITERAL_CONVERSION = YES;
				CLANG_WARN_OBJC_ROOT_CLASS = YES_ERROR;
				CLANG_WARN_QUOTED_INCLUDE_IN_FRAMEWORK_HEADER = YES;
				CLANG_WARN_RANGE_LOOP_ANALYSIS = YES;
				CLANG_WARN_STRICT_PROTOTYPES = YES;
				CLANG_WARN_SUSPICIOUS_MOVE = YES;
				CLANG_WARN_UNGUARDED_AVAILABILITY = YES_AGGRESSIVE;
				CLANG_WARN_UNREACHABLE_CODE = YES;
				CLANG_WARN__DUPLICATE_METHOD_MATCH = YES;
				COPY_PHASE_STRIP = NO;
				DEBUG_INFORMATION_FORMAT = "dwarf-with-dsym";
				ENABLE_NS_ASSERTIONS = NO;
				ENABLE_STRICT_OBJC_MSGSEND = YES;
				GCC_C_LANGUAGE_STANDARD = gnu11;
				GCC_NO_COMMON_BLOCKS = YES;
				GCC_WARN_64_TO_32_BIT_CONVERSION = YES;
				GCC_WARN_ABOUT_RETURN_TYPE = YES_ERROR;
				GCC_WARN_UNDECLARED_SELECTOR = YES;
				GCC_WARN_UNINITIALIZED_AUTOS = YES_AGGRESSIVE;
				GCC_WARN_UNUSED_FUNCTION = YES;
				GCC_WARN_UNUSED_VARIABLE = YES;
				IPHONEOS_DEPLOYMENT_TARGET = 16.0;
				MTL_ENABLE_DEBUG_INFO = NO;
				MTL_FAST_MATH = YES;
				SDKROOT = iphoneos;
				SWIFT_COMPILATION_MODE = wholemodule;
				SWIFT_OPTIMIZATION_LEVEL = "-O";
				VALIDATE_PRODUCT = YES;
			};
			name = Release;
		};
		EE58F57D29D5F9890055E020 /* Debug */ = {
			isa = XCBuildConfiguration;
			buildSettings = {
				ASSETCATALOG_COMPILER_APPICON_NAME = AppIcon;
				ASSETCATALOG_COMPILER_GLOBAL_ACCENT_COLOR_NAME = AccentColor;
				CODE_SIGN_STYLE = Automatic;
				CURRENT_PROJECT_VERSION = 1;
				DEVELOPMENT_TEAM = 7Q2JD863XR;
				GENERATE_INFOPLIST_FILE = YES;
				INFOPLIST_FILE = "kit-tools/Info.plist";
				INFOPLIST_KEY_UIApplicationSupportsIndirectInputEvents = YES;
				INFOPLIST_KEY_UILaunchStoryboardName = LaunchScreen;
				INFOPLIST_KEY_UISupportedInterfaceOrientations = UIInterfaceOrientationPortrait;
				IPHONEOS_DEPLOYMENT_TARGET = 13.0;
				LD_RUNPATH_SEARCH_PATHS = (
					"$(inherited)",
					"@executable_path/Frameworks",
				);
				MARKETING_VERSION = 1.0;
				PRODUCT_BUNDLE_IDENTIFIER = "Luz.Emerson.kit-tools";
				PRODUCT_NAME = "$(TARGET_NAME)";
				SWIFT_EMIT_LOC_STRINGS = YES;
				SWIFT_VERSION = 5.0;
				TARGETED_DEVICE_FAMILY = "1,2";
			};
			name = Debug;
		};
		EE58F57E29D5F9890055E020 /* Release */ = {
			isa = XCBuildConfiguration;
			buildSettings = {
				ASSETCATALOG_COMPILER_APPICON_NAME = AppIcon;
				ASSETCATALOG_COMPILER_GLOBAL_ACCENT_COLOR_NAME = AccentColor;
				CODE_SIGN_STYLE = Automatic;
				CURRENT_PROJECT_VERSION = 1;
				DEVELOPMENT_TEAM = 7Q2JD863XR;
				GENERATE_INFOPLIST_FILE = YES;
				INFOPLIST_FILE = "kit-tools/Info.plist";
				INFOPLIST_KEY_UIApplicationSupportsIndirectInputEvents = YES;
				INFOPLIST_KEY_UILaunchStoryboardName = LaunchScreen;
				INFOPLIST_KEY_UISupportedInterfaceOrientations = UIInterfaceOrientationPortrait;
				IPHONEOS_DEPLOYMENT_TARGET = 13.0;
				LD_RUNPATH_SEARCH_PATHS = (
					"$(inherited)",
					"@executable_path/Frameworks",
				);
				MARKETING_VERSION = 1.0;
				PRODUCT_BUNDLE_IDENTIFIER = "Luz.Emerson.kit-tools";
				PRODUCT_NAME = "$(TARGET_NAME)";
				SWIFT_EMIT_LOC_STRINGS = YES;
				SWIFT_VERSION = 5.0;
				TARGETED_DEVICE_FAMILY = "1,2";
			};
			name = Release;
		};
/* End XCBuildConfiguration section */

/* Begin XCConfigurationList section */
		EE58F56329D5F9870055E020 /* Build configuration list for PBXProject "kit-tools" */ = {
			isa = XCConfigurationList;
			buildConfigurations = (
				EE58F57A29D5F9890055E020 /* Debug */,
				EE58F57B29D5F9890055E020 /* Release */,
			);
			defaultConfigurationIsVisible = 0;
			defaultConfigurationName = Release;
		};
		EE58F57C29D5F9890055E020 /* Build configuration list for PBXNativeTarget "kit-tools" */ = {
			isa = XCConfigurationList;
			buildConfigurations = (
				EE58F57D29D5F9890055E020 /* Debug */,
				EE58F57E29D5F9890055E020 /* Release */,
			);
			defaultConfigurationIsVisible = 0;
			defaultConfigurationName = Release;
		};
/* End XCConfigurationList section */
	};
	rootObject = EE58F56029D5F9870055E020 /* Project object */;
}
